# This file is automatically @generated by Cargo.
# It is not intended for manual editing.
version = 3

[[package]]
name = "adler"
version = "0.2.3"
source = "registry+https://github.com/rust-lang/crates.io-index"
checksum = "ee2a4ec343196209d6594e19543ae87a39f96d5534d7174822a3ad825dd6ed7e"

[[package]]
name = "ahash"
version = "0.4.7"
source = "registry+https://github.com/rust-lang/crates.io-index"
checksum = "739f4a8db6605981345c5654f3a85b056ce52f37a39d34da03f25bf2151ea16e"

[[package]]
name = "autocfg"
version = "1.0.1"
source = "registry+https://github.com/rust-lang/crates.io-index"
checksum = "cdb031dd78e28731d87d56cc8ffef4a8f36ca26c38fe2de700543e627f8a464a"

[[package]]
name = "base64"
version = "0.10.1"
source = "registry+https://github.com/rust-lang/crates.io-index"
checksum = "0b25d992356d2eb0ed82172f5248873db5560c4721f564b13cb5193bda5e668e"
dependencies = [
 "byteorder",
]

[[package]]
name = "base_server"
version = "0.1.0"
source = "git+https://github.com/lcdr/base_server?rev=019fcf5dc82f0edf5e3055f44d9c29875b4a7200#019fcf5dc82f0edf5e3055f44d9c29875b4a7200"
dependencies = [
 "endio",
 "lu_packets",
 "serde",
 "toml",
]

[[package]]
name = "bitflags"
version = "1.2.1"
source = "registry+https://github.com/rust-lang/crates.io-index"
checksum = "cf1de2fe8c75bc145a2f577add951f8134889b4795d47466a54a5c846d691693"

[[package]]
name = "bumpalo"
version = "3.4.0"
source = "registry+https://github.com/rust-lang/crates.io-index"
checksum = "2e8c087f005730276d1096a652e92a8bacee2e2472bcc9715a74d2bec38b5820"

[[package]]
name = "byteorder"
version = "1.3.4"
source = "registry+https://github.com/rust-lang/crates.io-index"
checksum = "08c48aae112d48ed9f069b33538ea9e3e90aa263cfa3d1c24309612b1f7472de"

[[package]]
name = "cc"
version = "1.0.58"
source = "registry+https://github.com/rust-lang/crates.io-index"
checksum = "f9a06fb2e53271d7c279ec1efea6ab691c35a2ae67ec0d91d7acec0caf13b518"

[[package]]
name = "cfg-if"
version = "0.1.10"
source = "registry+https://github.com/rust-lang/crates.io-index"
checksum = "4785bdd1c96b2a846b2bd7cc02e86b6b3dbf14e7e53446c4f54c92a361040822"

[[package]]
name = "cfg-if"
version = "1.0.0"
source = "registry+https://github.com/rust-lang/crates.io-index"
checksum = "baf1de4339761588bc0619e3cbc0120ee582ebb74b53b4efbf79117bd2da40fd"

[[package]]
name = "crc32fast"
version = "1.2.1"
source = "registry+https://github.com/rust-lang/crates.io-index"
checksum = "81156fece84ab6a9f2afdb109ce3ae577e42b1228441eded99bd77f627953b1a"
dependencies = [
 "cfg-if 1.0.0",
]

[[package]]
name = "diesel"
version = "1.4.6"
source = "registry+https://github.com/rust-lang/crates.io-index"
checksum = "047bfc4d5c3bd2ef6ca6f981941046113524b9a9f9a7cbdfdd7ff40f58e6f542"
dependencies = [
 "byteorder",
 "diesel_derives",
 "libsqlite3-sys",
]

[[package]]
name = "diesel_derives"
version = "1.4.1"
source = "registry+https://github.com/rust-lang/crates.io-index"
checksum = "45f5098f628d02a7a0f68ddba586fb61e80edec3bdc1be3b921f4ceec60858d3"
dependencies = [
 "proc-macro2",
 "quote",
 "syn",
]

[[package]]
name = "endio"
version = "0.2.0"
source = "git+https://github.com/lcdr/endio?rev=6e988eed6d9d3b1fa0edde34062edfb3b01d344a#6e988eed6d9d3b1fa0edde34062edfb3b01d344a"
dependencies = [
 "endio_derive",
]

[[package]]
name = "endio_bit"
version = "0.1.0"
source = "git+https://github.com/lcdr/endio_bit?rev=46b1b0eda359dd85b5eabf9714e839c3728c75af#46b1b0eda359dd85b5eabf9714e839c3728c75af"

[[package]]
name = "endio_derive"
version = "0.2.0"
source = "git+https://github.com/lcdr/endio?rev=6e988eed6d9d3b1fa0edde34062edfb3b01d344a#6e988eed6d9d3b1fa0edde34062edfb3b01d344a"
dependencies = [
 "proc-macro2",
 "quote",
 "syn",
]

[[package]]
name = "fallible-iterator"
version = "0.2.0"
source = "registry+https://github.com/rust-lang/crates.io-index"
checksum = "4443176a9f2c162692bd3d352d745ef9413eec5782a80d8fd6f8a1ac692a07f7"

[[package]]
name = "fallible-streaming-iterator"
version = "0.1.9"
source = "registry+https://github.com/rust-lang/crates.io-index"
checksum = "7360491ce676a36bf9bb3c56c1aa791658183a54d2744120f27285738d90465a"

[[package]]
name = "flate2"
version = "1.0.19"
source = "registry+https://github.com/rust-lang/crates.io-index"
checksum = "7411863d55df97a419aa64cb4d2f167103ea9d767e2c54a1868b7ac3f6b47129"
dependencies = [
 "cfg-if 1.0.0",
 "crc32fast",
 "libc",
 "libz-sys",
 "miniz_oxide",
]

[[package]]
name = "hashbrown"
version = "0.9.1"
source = "registry+https://github.com/rust-lang/crates.io-index"
checksum = "d7afe4a420e3fe79967a00898cc1f4db7c8a49a9333a29f8a4bd76a253d5cd04"
dependencies = [
 "ahash",
]

[[package]]
name = "hashlink"
version = "0.6.0"
source = "registry+https://github.com/rust-lang/crates.io-index"
checksum = "d99cf782f0dc4372d26846bec3de7804ceb5df083c2d4462c0b8d2330e894fa8"
dependencies = [
 "hashbrown",
]

[[package]]
name = "js-sys"
version = "0.3.42"
source = "registry+https://github.com/rust-lang/crates.io-index"
checksum = "52732a3d3ad72c58ad2dc70624f9c17b46ecd0943b9a4f1ee37c4c18c5d983e2"
dependencies = [
 "wasm-bindgen",
]

[[package]]
name = "lazy_static"
version = "1.4.0"
source = "registry+https://github.com/rust-lang/crates.io-index"
checksum = "e2abad23fbc42b3700f2f279844dc832adb2b2eb069b2df918f455c4e18cc646"

[[package]]
name = "libc"
version = "0.2.72"
source = "registry+https://github.com/rust-lang/crates.io-index"
checksum = "a9f8082297d534141b30c8d39e9b1773713ab50fdbe4ff30f750d063b3bfd701"

[[package]]
name = "libsqlite3-sys"
version = "0.20.1"
source = "registry+https://github.com/rust-lang/crates.io-index"
checksum = "64d31059f22935e6c31830db5249ba2b7ecd54fd73a9909286f0a67aa55c2fbd"
dependencies = [
 "cc",
 "pkg-config",
 "vcpkg",
]

[[package]]
name = "libz-sys"
version = "1.1.2"
source = "registry+https://github.com/rust-lang/crates.io-index"
checksum = "602113192b08db8f38796c4e85c39e960c145965140e918018bcde1952429655"
dependencies = [
 "cc",
 "pkg-config",
 "vcpkg",
]

[[package]]
name = "log"
version = "0.4.11"
source = "registry+https://github.com/rust-lang/crates.io-index"
checksum = "4fabed175da42fed1fa0746b0ea71f412aa9d35e76e95e59b192c64b9dc2bf8b"
dependencies = [
 "cfg-if 0.1.10",
]

[[package]]
name = "lu_packets"
version = "0.1.0"
source = "git+https://github.com/lcdr/lu_packets?rev=34da323dd9acd829ff00f9c6c4549ce5ad1dceb3#34da323dd9acd829ff00f9c6c4549ce5ad1dceb3"
dependencies = [
 "endio",
 "endio_bit",
 "flate2",
 "lu_packets_derive",
]

[[package]]
name = "lu_packets_derive"
version = "0.1.0"
source = "git+https://github.com/lcdr/lu_packets?rev=34da323dd9acd829ff00f9c6c4549ce5ad1dceb3#34da323dd9acd829ff00f9c6c4549ce5ad1dceb3"
dependencies = [
 "proc-macro2",
 "quote",
 "syn",
]

[[package]]
name = "memchr"
version = "2.3.4"
source = "registry+https://github.com/rust-lang/crates.io-index"
checksum = "0ee1c47aaa256ecabcaea351eae4a9b01ef39ed810004e298d2511ed284b1525"

[[package]]
name = "miniz_oxide"
version = "0.4.3"
source = "registry+https://github.com/rust-lang/crates.io-index"
checksum = "0f2d26ec3309788e423cfbf68ad1800f061638098d76a83681af979dc4eda19d"
dependencies = [
 "adler",
 "autocfg",
]

[[package]]
name = "minreq"
version = "2.2.0"
source = "registry+https://github.com/rust-lang/crates.io-index"
checksum = "ab229c252995e9d56cc66857f3ab2c41e3138b1a6c92089f013698388e64d6bd"
dependencies = [
 "lazy_static",
 "rustls",
 "webpki",
 "webpki-roots",
]

[[package]]
name = "once_cell"
version = "1.4.0"
source = "registry+https://github.com/rust-lang/crates.io-index"
checksum = "0b631f7e854af39a1739f401cf34a8a013dfe09eac4fa4dba91e9768bd28168d"

[[package]]
name = "pkg-config"
version = "0.3.18"
source = "registry+https://github.com/rust-lang/crates.io-index"
checksum = "d36492546b6af1463394d46f0c834346f31548646f6ba10849802c9c9a27ac33"

[[package]]
name = "proc-macro2"
version = "1.0.18"
source = "registry+https://github.com/rust-lang/crates.io-index"
checksum = "beae6331a816b1f65d04c45b078fd8e6c93e8071771f41b8163255bbd8d7c8fa"
dependencies = [
 "unicode-xid",
]

[[package]]
name = "quote"
version = "1.0.7"
source = "registry+https://github.com/rust-lang/crates.io-index"
checksum = "aa563d17ecb180e500da1cfd2b028310ac758de548efdd203e18f283af693f37"
dependencies = [
 "proc-macro2",
]

[[package]]
name = "ring"
version = "0.16.15"
source = "registry+https://github.com/rust-lang/crates.io-index"
checksum = "952cd6b98c85bbc30efa1ba5783b8abf12fec8b3287ffa52605b9432313e34e4"
dependencies = [
 "cc",
 "libc",
 "once_cell",
 "spin",
 "untrusted",
 "web-sys",
 "winapi",
]

[[package]]
name = "rusqlite"
version = "0.24.2"
source = "registry+https://github.com/rust-lang/crates.io-index"
checksum = "d5f38ee71cbab2c827ec0ac24e76f82eca723cee92c509a65f67dee393c25112"
dependencies = [
 "bitflags",
 "fallible-iterator",
 "fallible-streaming-iterator",
 "hashlink",
 "libsqlite3-sys",
 "memchr",
 "smallvec",
]

[[package]]
name = "rustls"
version = "0.16.0"
source = "registry+https://github.com/rust-lang/crates.io-index"
checksum = "b25a18b1bf7387f0145e7f8324e700805aade3842dd3db2e74e4cdeb4677c09e"
dependencies = [
 "base64",
 "log",
 "ring",
 "sct",
 "webpki",
]

[[package]]
name = "sct"
version = "0.6.0"
source = "registry+https://github.com/rust-lang/crates.io-index"
checksum = "e3042af939fca8c3453b7af0f1c66e533a15a86169e39de2657310ade8f98d3c"
dependencies = [
 "ring",
 "untrusted",
]

[[package]]
name = "serde"
version = "1.0.114"
source = "registry+https://github.com/rust-lang/crates.io-index"
checksum = "5317f7588f0a5078ee60ef675ef96735a1442132dc645eb1d12c018620ed8cd3"
dependencies = [
 "serde_derive",
]

[[package]]
name = "serde_derive"
version = "1.0.114"
source = "registry+https://github.com/rust-lang/crates.io-index"
checksum = "2a0be94b04690fbaed37cddffc5c134bf537c8e3329d53e982fe04c374978f8e"
dependencies = [
 "proc-macro2",
 "quote",
 "syn",
]

[[package]]
name = "smallvec"
version = "1.6.1"
source = "registry+https://github.com/rust-lang/crates.io-index"
checksum = "fe0f37c9e8f3c5a4a66ad655a93c74daac4ad00c441533bf5c6e7990bb42604e"

[[package]]
name = "spin"
version = "0.5.2"
source = "registry+https://github.com/rust-lang/crates.io-index"
checksum = "6e63cff320ae2c57904679ba7cb63280a3dc4613885beafb148ee7bf9aa9042d"

[[package]]
name = "syn"
version = "1.0.34"
source = "registry+https://github.com/rust-lang/crates.io-index"
checksum = "936cae2873c940d92e697597c5eee105fb570cd5689c695806f672883653349b"
dependencies = [
 "proc-macro2",
 "quote",
 "unicode-xid",
]

[[package]]
name = "toml"
version = "0.5.6"
source = "registry+https://github.com/rust-lang/crates.io-index"
checksum = "ffc92d160b1eef40665be3a05630d003936a3bc7da7421277846c2613e92c71a"
dependencies = [
 "serde",
]

[[package]]
name = "unicode-xid"
version = "0.2.1"
source = "registry+https://github.com/rust-lang/crates.io-index"
checksum = "f7fe0bb3479651439c9112f72b6c505038574c9fbb575ed1bf3b797fa39dd564"

[[package]]
name = "untrusted"
version = "0.7.1"
source = "registry+https://github.com/rust-lang/crates.io-index"
checksum = "a156c684c91ea7d62626509bce3cb4e1d9ed5c4d978f7b4352658f96a4c26b4a"

[[package]]
name = "vcpkg"
version = "0.2.10"
source = "registry+https://github.com/rust-lang/crates.io-index"
checksum = "6454029bf181f092ad1b853286f23e2c507d8e8194d01d92da4a55c274a5508c"

[[package]]
name = "wasm-bindgen"
version = "0.2.65"
source = "registry+https://github.com/rust-lang/crates.io-index"
checksum = "f3edbcc9536ab7eababcc6d2374a0b7bfe13a2b6d562c5e07f370456b1a8f33d"
dependencies = [
 "cfg-if 0.1.10",
 "wasm-bindgen-macro",
]

[[package]]
name = "wasm-bindgen-backend"
version = "0.2.65"
source = "registry+https://github.com/rust-lang/crates.io-index"
checksum = "89ed2fb8c84bfad20ea66b26a3743f3e7ba8735a69fe7d95118c33ec8fc1244d"
dependencies = [
 "bumpalo",
 "lazy_static",
 "log",
 "proc-macro2",
 "quote",
 "syn",
 "wasm-bindgen-shared",
]

[[package]]
name = "wasm-bindgen-macro"
version = "0.2.65"
source = "registry+https://github.com/rust-lang/crates.io-index"
checksum = "eb071268b031a64d92fc6cf691715ca5a40950694d8f683c5bb43db7c730929e"
dependencies = [
 "quote",
 "wasm-bindgen-macro-support",
]

[[package]]
name = "wasm-bindgen-macro-support"
version = "0.2.65"
source = "registry+https://github.com/rust-lang/crates.io-index"
checksum = "cf592c807080719d1ff2f245a687cbadb3ed28b2077ed7084b47aba8b691f2c6"
dependencies = [
 "proc-macro2",
 "quote",
 "syn",
 "wasm-bindgen-backend",
 "wasm-bindgen-shared",
]

[[package]]
name = "wasm-bindgen-shared"
version = "0.2.65"
source = "registry+https://github.com/rust-lang/crates.io-index"
checksum = "72b6c0220ded549d63860c78c38f3bcc558d1ca3f4efa74942c536ddbbb55e87"

[[package]]
name = "web-sys"
version = "0.3.42"
source = "registry+https://github.com/rust-lang/crates.io-index"
checksum = "8be2398f326b7ba09815d0b403095f34dd708579220d099caae89be0b32137b2"
dependencies = [
 "js-sys",
 "wasm-bindgen",
]

[[package]]
name = "webpki"
version = "0.21.3"
source = "registry+https://github.com/rust-lang/crates.io-index"
checksum = "ab146130f5f790d45f82aeeb09e55a256573373ec64409fc19a6fb82fb1032ae"
dependencies = [
 "ring",
 "untrusted",
]

[[package]]
name = "webpki-roots"
version = "0.18.0"
source = "registry+https://github.com/rust-lang/crates.io-index"
checksum = "91cd5736df7f12a964a5067a12c62fa38e1bd8080aff1f80bc29be7c80d19ab4"
dependencies = [
 "webpki",
]

[[package]]
name = "winapi"
version = "0.3.9"
source = "registry+https://github.com/rust-lang/crates.io-index"
checksum = "5c839a674fcd7a98952e593242ea400abe93992746761e38641405d28b00f419"
dependencies = [
 "winapi-i686-pc-windows-gnu",
 "winapi-x86_64-pc-windows-gnu",
]

[[package]]
name = "winapi-i686-pc-windows-gnu"
version = "0.4.0"
source = "registry+https://github.com/rust-lang/crates.io-index"
checksum = "ac3b87c63620426dd9b991e5ce0329eff545bccbbb34f3be09ff6fb6ab51b7b6"

[[package]]
name = "winapi-x86_64-pc-windows-gnu"
version = "0.4.0"
source = "registry+https://github.com/rust-lang/crates.io-index"
checksum = "712e227841d057c1ee1cd2fb22fa7e5a5461ae8e48fa2ca79ec42cfc1931183f"

[[package]]
name = "world_server"
version = "0.1.0"
dependencies = [
 "base_server",
 "diesel",
 "libsqlite3-sys",
 "lu_packets",
 "lu_packets_derive",
 "minreq",
 "rusqlite",
 "serde",
 "toml",
]
